# This file is automatically @generated by Cargo.
# It is not intended for manual editing.
version = 3

[[package]]
name = "anyhow"
version = "1.0.82"
source = "registry+https://github.com/rust-lang/crates.io-index"
checksum = "f538837af36e6f6a9be0faa67f9a314f8119e4e4b5867c6ab40ed60360142519"

[[package]]
name = "cac"
version = "0.1.0"
dependencies = [
 "anyhow",
 "lang-c",
]

[[package]]
name = "lang-c"
version = "0.15.1"
source = "registry+https://github.com/rust-lang/crates.io-index"
checksum = "720e6492b795d1f6838eb2e51879ec3073be745a20e52c32a241b80b3c8ed998"
